
Microsoft Visual Studio Solution File, Format Version 12.00
# Visual Studio Version 16
VisualStudioVersion = 16.0.29324.140
MinimumVisualStudioVersion = 10.0.40219.1
Project("{FAE04EC0-301F-11D3-BF4B-00C04F79EFBC}") = "ThAmCo.Auth", "ThAmCo.Auth\ThAmCo.Auth.csproj", "{5FC80617-09CD-439E-929A-877FC50856D3}"
EndProject
Global
	GlobalSection(SolutionConfigurationPlatforms) = preSolution
		Debug|Any CPU = Debug|Any CPU
		Release|Any CPU = Release|Any CPU
	EndGlobalSection
	GlobalSection(ProjectConfigurationPlatforms) = postSolution
		{5FC80617-09CD-439E-929A-877FC50856D3}.Debug|Any CPU.ActiveCfg = Debug|Any CPU
		{5FC80617-09CD-439E-929A-877FC50856D3}.Debug|Any CPU.Build.0 = Debug|Any CPU
		{5FC80617-09CD-439E-929A-877FC50856D3}.Release|Any CPU.ActiveCfg = Release|Any CPU
		{5FC80617-09CD-439E-929A-877FC50856D3}.Release|Any CPU.Build.0 = Release|Any CPU
	EndGlobalSection
	GlobalSection(SolutionProperties) = preSolution
		HideSolutionNode = FALSE
	EndGlobalSection
	GlobalSection(ExtensibilityGlobals) = postSolution
		SolutionGuid = {9850A059-D905-4314-9C65-4F72E0DC0856}
	EndGlobalSection
EndGlobal
